
Microsoft Visual Studio Solution File, Format Version 12.00
# Visual Studio Version 17
VisualStudioVersion = 17.3.32929.385
MinimumVisualStudioVersion = 10.0.40219.1
Project("{9A19103F-16F7-4668-BE54-9A1E7A4F7556}") = "QuanLib.Excel", "QuanLib.Excel\QuanLib.Excel.csproj", "{434342A3-E08F-472C-8BF0-9B8DEA08DB4F}"
EndProject
Project("{9A19103F-16F7-4668-BE54-9A1E7A4F7556}") = "QuanLib.Java", "QuanLib.Java\QuanLib.Java.csproj", "{594CFCA9-4569-4DB1-9950-9C80FAB7EDCD}"
EndProject
Project("{9A19103F-16F7-4668-BE54-9A1E7A4F7556}") = "QuanLib.BDF", "QuanLib.BDF\QuanLib.BDF.csproj", "{A4EACC55-07E7-424F-A740-CC70558D2D33}"
EndProject
Project("{9A19103F-16F7-4668-BE54-9A1E7A4F7556}") = "QuanLib.ConsoleUtil", "QuanLib.ConsoleUtil\QuanLib.ConsoleUtil.csproj", "{C2F99193-2BCF-4032-8220-52E4157C6764}"
EndProject
Project("{9A19103F-16F7-4668-BE54-9A1E7A4F7556}") = "QuanLib.Core", "QuanLib.Core\QuanLib.Core.csproj", "{5BCC56AD-D552-402D-A5CC-18265771E704}"
EndProject
Global
	GlobalSection(SolutionConfigurationPlatforms) = preSolution
		Debug|Any CPU = Debug|Any CPU
		Release|Any CPU = Release|Any CPU
	EndGlobalSection
	GlobalSection(ProjectConfigurationPlatforms) = postSolution
		{434342A3-E08F-472C-8BF0-9B8DEA08DB4F}.Debug|Any CPU.ActiveCfg = Debug|Any CPU
		{434342A3-E08F-472C-8BF0-9B8DEA08DB4F}.Debug|Any CPU.Build.0 = Debug|Any CPU
		{434342A3-E08F-472C-8BF0-9B8DEA08DB4F}.Release|Any CPU.ActiveCfg = Release|Any CPU
		{434342A3-E08F-472C-8BF0-9B8DEA08DB4F}.Release|Any CPU.Build.0 = Release|Any CPU
		{594CFCA9-4569-4DB1-9950-9C80FAB7EDCD}.Debug|Any CPU.ActiveCfg = Debug|Any CPU
		{594CFCA9-4569-4DB1-9950-9C80FAB7EDCD}.Debug|Any CPU.Build.0 = Debug|Any CPU
		{594CFCA9-4569-4DB1-9950-9C80FAB7EDCD}.Release|Any CPU.ActiveCfg = Release|Any CPU
		{594CFCA9-4569-4DB1-9950-9C80FAB7EDCD}.Release|Any CPU.Build.0 = Release|Any CPU
		{A4EACC55-07E7-424F-A740-CC70558D2D33}.Debug|Any CPU.ActiveCfg = Debug|Any CPU
		{A4EACC55-07E7-424F-A740-CC70558D2D33}.Debug|Any CPU.Build.0 = Debug|Any CPU
		{A4EACC55-07E7-424F-A740-CC70558D2D33}.Release|Any CPU.ActiveCfg = Release|Any CPU
		{A4EACC55-07E7-424F-A740-CC70558D2D33}.Release|Any CPU.Build.0 = Release|Any CPU
		{C2F99193-2BCF-4032-8220-52E4157C6764}.Debug|Any CPU.ActiveCfg = Debug|Any CPU
		{C2F99193-2BCF-4032-8220-52E4157C6764}.Debug|Any CPU.Build.0 = Debug|Any CPU
		{C2F99193-2BCF-4032-8220-52E4157C6764}.Release|Any CPU.ActiveCfg = Release|Any CPU
		{C2F99193-2BCF-4032-8220-52E4157C6764}.Release|Any CPU.Build.0 = Release|Any CPU
		{5BCC56AD-D552-402D-A5CC-18265771E704}.Debug|Any CPU.ActiveCfg = Debug|Any CPU
		{5BCC56AD-D552-402D-A5CC-18265771E704}.Debug|Any CPU.Build.0 = Debug|Any CPU
		{5BCC56AD-D552-402D-A5CC-18265771E704}.Release|Any CPU.ActiveCfg = Release|Any CPU
		{5BCC56AD-D552-402D-A5CC-18265771E704}.Release|Any CPU.Build.0 = Release|Any CPU
	EndGlobalSection
	GlobalSection(SolutionProperties) = preSolution
		HideSolutionNode = FALSE
	EndGlobalSection
	GlobalSection(ExtensibilityGlobals) = postSolution
		SolutionGuid = {B2016F91-953E-4C72-A2D2-12742A136223}
	EndGlobalSection
EndGlobal
