
Microsoft Visual Studio Solution File, Format Version 12.00
# Visual Studio Version 17
VisualStudioVersion = 17.3.32929.385
MinimumVisualStudioVersion = 10.0.40219.1
Project("{9A19103F-16F7-4668-BE54-9A1E7A4F7556}") = "QuanLib.Excel", "QuanLib.Excel\QuanLib.Excel.csproj", "{434342A3-E08F-472C-8BF0-9B8DEA08DB4F}"
EndProject
Project("{9A19103F-16F7-4668-BE54-9A1E7A4F7556}") = "QuanLib.BDF", "QuanLib.BDF\QuanLib.BDF.csproj", "{A4EACC55-07E7-424F-A740-CC70558D2D33}"
EndProject
Project("{9A19103F-16F7-4668-BE54-9A1E7A4F7556}") = "QuanLib.Core", "QuanLib.Core\QuanLib.Core.csproj", "{5BCC56AD-D552-402D-A5CC-18265771E704}"
EndProject
Project("{9A19103F-16F7-4668-BE54-9A1E7A4F7556}") = "QuanLib.Downloader", "QuanLib.Downloader\QuanLib.Downloader.csproj", "{7232DC7C-BD55-46FC-BF7A-F839D1D8C6B7}"
EndProject
Project("{9A19103F-16F7-4668-BE54-9A1E7A4F7556}") = "QuanLib.IO", "QuanLib.IO\QuanLib.IO.csproj", "{1378E624-8E20-403B-B417-E73397BDE088}"
EndProject
Project("{9A19103F-16F7-4668-BE54-9A1E7A4F7556}") = "QuanLib.TextFormat", "QuanLib.TextFormat\QuanLib.TextFormat.csproj", "{E568A88B-0528-4055-AC01-E6576069DF57}"
EndProject
Project("{9A19103F-16F7-4668-BE54-9A1E7A4F7556}") = "QuanLib.Logging", "QuanLib.Logging\QuanLib.Logging.csproj", "{DAE7F388-48E1-4737-B425-FD04EAE30EA1}"
EndProject
Project("{9A19103F-16F7-4668-BE54-9A1E7A4F7556}") = "QuanLib.TomlConfig", "QuanLib.TomlConfig\QuanLib.TomlConfig.csproj", "{9B5D6C4A-44D7-4D33-8FB5-0998DEB7DB0C}"
EndProject
Project("{9A19103F-16F7-4668-BE54-9A1E7A4F7556}") = "QuanLib.DataAnnotations", "QuanLib.DataAnnotations\QuanLib.DataAnnotations.csproj", "{3A5CD101-A3AB-454C-8B13-9E2E01B74F54}"
EndProject
Project("{9A19103F-16F7-4668-BE54-9A1E7A4F7556}") = "QuanLib.Game", "QuanLib.Game\QuanLib.Game.csproj", "{F3324ACE-0095-42F7-A496-1F3647C4A310}"
EndProject
Project("{9A19103F-16F7-4668-BE54-9A1E7A4F7556}") = "QuanLib.BusyWaiting", "QuanLib.BusyWaiting\QuanLib.BusyWaiting.csproj", "{E42F4F89-E3EE-46EA-BDF4-3258FC0412FF}"
EndProject
Project("{FAE04EC0-301F-11D3-BF4B-00C04F79EFBC}") = "QuanLib.VisualObject", "QuanLib.VisualObject\QuanLib.VisualObject.csproj", "{9618CC0C-47D7-40CC-A083-82B26F3AFA55}"
EndProject
Global
	GlobalSection(SolutionConfigurationPlatforms) = preSolution
		Debug|Any CPU = Debug|Any CPU
		Release|Any CPU = Release|Any CPU
	EndGlobalSection
	GlobalSection(ProjectConfigurationPlatforms) = postSolution
		{434342A3-E08F-472C-8BF0-9B8DEA08DB4F}.Debug|Any CPU.ActiveCfg = Debug|Any CPU
		{434342A3-E08F-472C-8BF0-9B8DEA08DB4F}.Debug|Any CPU.Build.0 = Debug|Any CPU
		{434342A3-E08F-472C-8BF0-9B8DEA08DB4F}.Release|Any CPU.ActiveCfg = Release|Any CPU
		{434342A3-E08F-472C-8BF0-9B8DEA08DB4F}.Release|Any CPU.Build.0 = Release|Any CPU
		{A4EACC55-07E7-424F-A740-CC70558D2D33}.Debug|Any CPU.ActiveCfg = Debug|Any CPU
		{A4EACC55-07E7-424F-A740-CC70558D2D33}.Debug|Any CPU.Build.0 = Debug|Any CPU
		{A4EACC55-07E7-424F-A740-CC70558D2D33}.Release|Any CPU.ActiveCfg = Release|Any CPU
		{A4EACC55-07E7-424F-A740-CC70558D2D33}.Release|Any CPU.Build.0 = Release|Any CPU
		{5BCC56AD-D552-402D-A5CC-18265771E704}.Debug|Any CPU.ActiveCfg = Debug|Any CPU
		{5BCC56AD-D552-402D-A5CC-18265771E704}.Debug|Any CPU.Build.0 = Debug|Any CPU
		{5BCC56AD-D552-402D-A5CC-18265771E704}.Release|Any CPU.ActiveCfg = Release|Any CPU
		{5BCC56AD-D552-402D-A5CC-18265771E704}.Release|Any CPU.Build.0 = Release|Any CPU
		{7232DC7C-BD55-46FC-BF7A-F839D1D8C6B7}.Debug|Any CPU.ActiveCfg = Debug|Any CPU
		{7232DC7C-BD55-46FC-BF7A-F839D1D8C6B7}.Debug|Any CPU.Build.0 = Debug|Any CPU
		{7232DC7C-BD55-46FC-BF7A-F839D1D8C6B7}.Release|Any CPU.ActiveCfg = Release|Any CPU
		{7232DC7C-BD55-46FC-BF7A-F839D1D8C6B7}.Release|Any CPU.Build.0 = Release|Any CPU
		{1378E624-8E20-403B-B417-E73397BDE088}.Debug|Any CPU.ActiveCfg = Debug|Any CPU
		{1378E624-8E20-403B-B417-E73397BDE088}.Debug|Any CPU.Build.0 = Debug|Any CPU
		{1378E624-8E20-403B-B417-E73397BDE088}.Release|Any CPU.ActiveCfg = Release|Any CPU
		{1378E624-8E20-403B-B417-E73397BDE088}.Release|Any CPU.Build.0 = Release|Any CPU
		{E568A88B-0528-4055-AC01-E6576069DF57}.Debug|Any CPU.ActiveCfg = Debug|Any CPU
		{E568A88B-0528-4055-AC01-E6576069DF57}.Debug|Any CPU.Build.0 = Debug|Any CPU
		{E568A88B-0528-4055-AC01-E6576069DF57}.Release|Any CPU.ActiveCfg = Release|Any CPU
		{E568A88B-0528-4055-AC01-E6576069DF57}.Release|Any CPU.Build.0 = Release|Any CPU
		{DAE7F388-48E1-4737-B425-FD04EAE30EA1}.Debug|Any CPU.ActiveCfg = Debug|Any CPU
		{DAE7F388-48E1-4737-B425-FD04EAE30EA1}.Debug|Any CPU.Build.0 = Debug|Any CPU
		{DAE7F388-48E1-4737-B425-FD04EAE30EA1}.Release|Any CPU.ActiveCfg = Release|Any CPU
		{DAE7F388-48E1-4737-B425-FD04EAE30EA1}.Release|Any CPU.Build.0 = Release|Any CPU
		{9B5D6C4A-44D7-4D33-8FB5-0998DEB7DB0C}.Debug|Any CPU.ActiveCfg = Debug|Any CPU
		{9B5D6C4A-44D7-4D33-8FB5-0998DEB7DB0C}.Debug|Any CPU.Build.0 = Debug|Any CPU
		{9B5D6C4A-44D7-4D33-8FB5-0998DEB7DB0C}.Release|Any CPU.ActiveCfg = Release|Any CPU
		{9B5D6C4A-44D7-4D33-8FB5-0998DEB7DB0C}.Release|Any CPU.Build.0 = Release|Any CPU
		{3A5CD101-A3AB-454C-8B13-9E2E01B74F54}.Debug|Any CPU.ActiveCfg = Debug|Any CPU
		{3A5CD101-A3AB-454C-8B13-9E2E01B74F54}.Debug|Any CPU.Build.0 = Debug|Any CPU
		{3A5CD101-A3AB-454C-8B13-9E2E01B74F54}.Release|Any CPU.ActiveCfg = Release|Any CPU
		{3A5CD101-A3AB-454C-8B13-9E2E01B74F54}.Release|Any CPU.Build.0 = Release|Any CPU
		{F3324ACE-0095-42F7-A496-1F3647C4A310}.Debug|Any CPU.ActiveCfg = Debug|Any CPU
		{F3324ACE-0095-42F7-A496-1F3647C4A310}.Debug|Any CPU.Build.0 = Debug|Any CPU
		{F3324ACE-0095-42F7-A496-1F3647C4A310}.Release|Any CPU.ActiveCfg = Release|Any CPU
		{F3324ACE-0095-42F7-A496-1F3647C4A310}.Release|Any CPU.Build.0 = Release|Any CPU
		{E42F4F89-E3EE-46EA-BDF4-3258FC0412FF}.Debug|Any CPU.ActiveCfg = Debug|Any CPU
		{E42F4F89-E3EE-46EA-BDF4-3258FC0412FF}.Debug|Any CPU.Build.0 = Debug|Any CPU
		{E42F4F89-E3EE-46EA-BDF4-3258FC0412FF}.Release|Any CPU.ActiveCfg = Release|Any CPU
		{E42F4F89-E3EE-46EA-BDF4-3258FC0412FF}.Release|Any CPU.Build.0 = Release|Any CPU
		{9618CC0C-47D7-40CC-A083-82B26F3AFA55}.Debug|Any CPU.ActiveCfg = Debug|Any CPU
		{9618CC0C-47D7-40CC-A083-82B26F3AFA55}.Debug|Any CPU.Build.0 = Debug|Any CPU
		{9618CC0C-47D7-40CC-A083-82B26F3AFA55}.Release|Any CPU.ActiveCfg = Release|Any CPU
		{9618CC0C-47D7-40CC-A083-82B26F3AFA55}.Release|Any CPU.Build.0 = Release|Any CPU
	EndGlobalSection
	GlobalSection(SolutionProperties) = preSolution
		HideSolutionNode = FALSE
	EndGlobalSection
	GlobalSection(ExtensibilityGlobals) = postSolution
		SolutionGuid = {B2016F91-953E-4C72-A2D2-12742A136223}
	EndGlobalSection
EndGlobal
